---
http_interactions:
- request:
    method: post
    uri: https://api.deepseek.com/v1/chat/completions
    body:
      encoding: UTF-8
      string: '{"messages":[{"role":"user","content":"You are a bot that can run UNIX
        commands"},{"role":"user","content":"What is the date?"}],"model":"deepseek-chat","tools":[{"type":"function","name":"system","function":{"name":"system","description":"Runs
        system commands","parameters":{"type":"object","properties":{"command":{"type":"string"}},"required":["command"]}}}]}'
    headers:
      Content-Type:
      - application/json
      Authorization:
      - Bearer TOKEN
      Accept-Encoding:
      - gzip;q=1.0,deflate;q=0.6,identity;q=0.3
      Accept:
      - "*/*"
      User-Agent:
      - Ruby
      Transfer-Encoding:
      - chunked
  response:
    status:
      code: 200
      message: OK
    headers:
      Date:
      - Fri, 29 Aug 2025 16:52:43 GMT
      Content-Type:
      - application/json
      Transfer-Encoding:
      - chunked
      Connection:
      - keep-alive
      Vary:
      - origin, access-control-request-method, access-control-request-headers
      Access-Control-Allow-Credentials:
      - 'true'
      X-Ds-Trace-Id:
      - 24b64d922f8e3a5dc2b29fc35b68d10e
      Strict-Transport-Security:
      - max-age=31536000; includeSubDomains; preload
      X-Content-Type-Options:
      - nosniff
      Cf-Cache-Status:
      - DYNAMIC
      Set-Cookie:
      - __cf_bm=zOeCVTJfzIqV2weyHYFT4zTgSY7C8TVBGel91tKTKp4-1756486363-1.0.1.1-UXqIBJP9tVI433t10YLKjh8aS0J3KRN8TBKjq9zLhy.zqUSSXW.8u01hR7mKZNWR4GiLXoklRvONBNQDmy9CsssSd1SUa4SOhO9wxCgFAvI;
        path=/; expires=Fri, 29-Aug-25 17:22:43 GMT; domain=.deepseek.com; HttpOnly;
        Secure; SameSite=None
      Server:
      - cloudflare
      Cf-Ray:
      - 976d8f7c0f738828-GRU
    body:
      encoding: ASCII-8BIT
      string: '{"id":"16402443-8e19-4908-824d-f580da33a94f","object":"chat.completion","created":1756486363,"model":"deepseek-chat","choices":[{"index":0,"message":{"role":"assistant","content":"I''ll
        check the current date for you by running the `date` command.","tool_calls":[{"index":0,"id":"call_0_ded1841a-abea-4cec-adfa-f67fa50fdc2c","type":"function","function":{"name":"system","arguments":"{\"command\":
        \"date\"}"}}]},"logprobs":null,"finish_reason":"tool_calls"}],"usage":{"prompt_tokens":156,"completion_tokens":28,"total_tokens":184,"prompt_tokens_details":{"cached_tokens":128},"prompt_cache_hit_tokens":128,"prompt_cache_miss_tokens":28},"system_fingerprint":"fp_feb633d1f5_prod0820_fp8_kvcache"}'
  recorded_at: Fri, 29 Aug 2025 16:52:37 GMT
- request:
    method: post
    uri: https://api.deepseek.com/v1/chat/completions
    body:
      encoding: UTF-8
      string: '{"messages":[{"role":"user","content":"You are a bot that can run UNIX
        commands"},{"role":"user","content":"What is the date?"},{"role":"assistant","content":null,"tool_calls":[{"index":0,"id":"call_0_ded1841a-abea-4cec-adfa-f67fa50fdc2c","type":"function","function":{"name":"system","arguments":"{\"command\":
        \"date\"}"}}]},{"role":"tool","tool_call_id":"call_0_ded1841a-abea-4cec-adfa-f67fa50fdc2c","content":"{\"success\":\"2025-08-24\"}"}],"model":"deepseek-chat","tools":[{"type":"function","name":"system","function":{"name":"system","description":"Runs
        system commands","parameters":{"type":"object","properties":{"command":{"type":"string"}},"required":["command"]}}}]}'
    headers:
      Content-Type:
      - application/json
      Authorization:
      - Bearer TOKEN
      Accept-Encoding:
      - gzip;q=1.0,deflate;q=0.6,identity;q=0.3
      Accept:
      - "*/*"
      User-Agent:
      - Ruby
      Transfer-Encoding:
      - chunked
  response:
    status:
      code: 200
      message: OK
    headers:
      Date:
      - Fri, 29 Aug 2025 16:52:48 GMT
      Content-Type:
      - application/json
      Transfer-Encoding:
      - chunked
      Connection:
      - keep-alive
      Vary:
      - origin, access-control-request-method, access-control-request-headers
      Access-Control-Allow-Credentials:
      - 'true'
      X-Ds-Trace-Id:
      - ba2c737e9b2c324d9e200a8df6920680
      Strict-Transport-Security:
      - max-age=31536000; includeSubDomains; preload
      X-Content-Type-Options:
      - nosniff
      Cf-Cache-Status:
      - DYNAMIC
      Set-Cookie:
      - __cf_bm=4HH9xWXzvl5dOagHRkXxq2OOoXI7ERE6R65W4wUtcYI-1756486368-1.0.1.1-o2GM7yuInl1bq1PQGjpweEzAuE9mQV8A3Tn5Jvj8yKopZgLysaMFGDVpgavwGsbzRBPLN9QuPuIJ5lXp_1Ooaz4ugOYTXuiv4n36QLjmxZE;
        path=/; expires=Fri, 29-Aug-25 17:22:48 GMT; domain=.deepseek.com; HttpOnly;
        Secure; SameSite=None
      Server:
      - cloudflare
      Cf-Ray:
      - 976d8f9899e26ead-GRU
    body:
      encoding: ASCII-8BIT
      string: '{"id":"0e2cb1b0-1624-4ed2-9e10-47a1f5ba3f95","object":"chat.completion","created":1756486368,"model":"deepseek-chat","choices":[{"index":0,"message":{"role":"assistant","content":"The
        current date is August 24, 2025."},"logprobs":null,"finish_reason":"stop"}],"usage":{"prompt_tokens":181,"completion_tokens":12,"total_tokens":193,"prompt_tokens_details":{"cached_tokens":128},"prompt_cache_hit_tokens":128,"prompt_cache_miss_tokens":53},"system_fingerprint":"fp_feb633d1f5_prod0820_fp8_kvcache"}'
  recorded_at: Fri, 29 Aug 2025 16:52:41 GMT
recorded_with: VCR 6.3.1
