---
http_interactions:
- request:
    method: post
    uri: https://api.anthropic.com/v1/messages
    body:
      encoding: UTF-8
      string: '{"messages":[{"role":"user","content":[{"type":"text","text":"What
        is the date?"}]},{"role":"user","content":[{"type":"text","text":"You are
        a bot that can run UNIX commands"}]}],"model":"claude-sonnet-4-20250514","max_tokens":1024,"tools":[{"name":"system","description":"Runs
        system commands","input_schema":{"type":"object","properties":{"command":{"type":"string"}},"required":["command"]}}]}'
    headers:
      Content-Type:
      - application/json
      X-Api-Key:
      - TOKEN
      Anthropic-Version:
      - '2023-06-01'
      Anthropic-Beta:
      - files-api-2025-04-14
      Accept-Encoding:
      - gzip;q=1.0,deflate;q=0.6,identity;q=0.3
      Accept:
      - "*/*"
      User-Agent:
      - Ruby
      Transfer-Encoding:
      - chunked
  response:
    status:
      code: 200
      message: OK
    headers:
      Date:
      - Wed, 28 Jan 2026 15:08:05 GMT
      Content-Type:
      - application/json
      Transfer-Encoding:
      - chunked
      Connection:
      - keep-alive
      Anthropic-Ratelimit-Input-Tokens-Limit:
      - '30000'
      Anthropic-Ratelimit-Input-Tokens-Remaining:
      - '6000'
      Anthropic-Ratelimit-Input-Tokens-Reset:
      - '2026-01-28T15:08:53Z'
      Anthropic-Ratelimit-Output-Tokens-Limit:
      - '8000'
      Anthropic-Ratelimit-Output-Tokens-Remaining:
      - '8000'
      Anthropic-Ratelimit-Output-Tokens-Reset:
      - '2026-01-28T15:08:05Z'
      Anthropic-Ratelimit-Requests-Limit:
      - '50'
      Anthropic-Ratelimit-Requests-Remaining:
      - '49'
      Anthropic-Ratelimit-Requests-Reset:
      - '2026-01-28T15:08:05Z'
      Anthropic-Ratelimit-Tokens-Limit:
      - '38000'
      Anthropic-Ratelimit-Tokens-Remaining:
      - '14000'
      Anthropic-Ratelimit-Tokens-Reset:
      - '2026-01-28T15:08:05Z'
      Request-Id:
      - req_011CXZz97ABKYvagpf2a9U5H
      Strict-Transport-Security:
      - max-age=31536000; includeSubDomains; preload
      Anthropic-Organization-Id:
      - 89796e02-61da-4a75-b7ee-c55929f0d748
      Server:
      - cloudflare
      X-Envoy-Upstream-Service-Time:
      - '1406'
      Cf-Cache-Status:
      - DYNAMIC
      X-Robots-Tag:
      - none
      Cf-Ray:
      - 9c51672bcc9535b7-MIA
    body:
      encoding: ASCII-8BIT
      string: '{"model":"claude-sonnet-4-20250514","id":"msg_01XohFziHZtivDqEzTm9ivNq","type":"message","role":"assistant","content":[{"type":"text","text":"I''ll
        check the current date for you using the system command."},{"type":"tool_use","id":"toolu_01Ven5Dk7dfgEsokRs7yG5wh","name":"system","input":{"command":"date"}}],"stop_reason":"tool_use","stop_sequence":null,"usage":{"input_tokens":386,"cache_creation_input_tokens":0,"cache_read_input_tokens":0,"cache_creation":{"ephemeral_5m_input_tokens":0,"ephemeral_1h_input_tokens":0},"output_tokens":65,"service_tier":"standard"}}'
  recorded_at: Wed, 28 Jan 2026 15:07:16 GMT
- request:
    method: post
    uri: https://api.anthropic.com/v1/messages
    body:
      encoding: UTF-8
      string: '{"messages":[{"role":"user","content":[{"type":"text","text":"You are
        a bot that can run UNIX commands"}]},{"role":"user","content":[{"type":"text","text":"What
        is the date?"}]},{"role":"assistant","content":[{"type":"tool_use","id":"toolu_01Ven5Dk7dfgEsokRs7yG5wh","name":"system","input":{"command":"date"}}]},{"role":"user","content":[{"type":"tool_result","tool_use_id":"toolu_01Ven5Dk7dfgEsokRs7yG5wh","content":[{"type":"text","text":"{\"success\":\"2025-08-24\"}"}]}]}],"model":"claude-sonnet-4-20250514","max_tokens":1024,"tools":[{"name":"system","description":"Runs
        system commands","input_schema":{"type":"object","properties":{"command":{"type":"string"}},"required":["command"]}}]}'
    headers:
      Content-Type:
      - application/json
      X-Api-Key:
      - TOKEN
      Anthropic-Version:
      - '2023-06-01'
      Anthropic-Beta:
      - files-api-2025-04-14
      Accept-Encoding:
      - gzip;q=1.0,deflate;q=0.6,identity;q=0.3
      Accept:
      - "*/*"
      User-Agent:
      - Ruby
      Transfer-Encoding:
      - chunked
  response:
    status:
      code: 200
      message: OK
    headers:
      Date:
      - Wed, 28 Jan 2026 15:08:07 GMT
      Content-Type:
      - application/json
      Transfer-Encoding:
      - chunked
      Connection:
      - keep-alive
      Anthropic-Ratelimit-Input-Tokens-Limit:
      - '30000'
      Anthropic-Ratelimit-Input-Tokens-Remaining:
      - '6000'
      Anthropic-Ratelimit-Input-Tokens-Reset:
      - '2026-01-28T15:08:53Z'
      Anthropic-Ratelimit-Output-Tokens-Limit:
      - '8000'
      Anthropic-Ratelimit-Output-Tokens-Remaining:
      - '8000'
      Anthropic-Ratelimit-Output-Tokens-Reset:
      - '2026-01-28T15:08:06Z'
      Anthropic-Ratelimit-Requests-Limit:
      - '50'
      Anthropic-Ratelimit-Requests-Remaining:
      - '49'
      Anthropic-Ratelimit-Requests-Reset:
      - '2026-01-28T15:08:06Z'
      Anthropic-Ratelimit-Tokens-Limit:
      - '38000'
      Anthropic-Ratelimit-Tokens-Remaining:
      - '14000'
      Anthropic-Ratelimit-Tokens-Reset:
      - '2026-01-28T15:08:06Z'
      Request-Id:
      - req_011CXZz9ExyY8EEekvMCTHn5
      Strict-Transport-Security:
      - max-age=31536000; includeSubDomains; preload
      Anthropic-Organization-Id:
      - 89796e02-61da-4a75-b7ee-c55929f0d748
      Server:
      - cloudflare
      X-Envoy-Upstream-Service-Time:
      - '1347'
      Cf-Cache-Status:
      - DYNAMIC
      X-Robots-Tag:
      - none
      Cf-Ray:
      - 9c5167373ff5ccbc-MIA
    body:
      encoding: ASCII-8BIT
      string: '{"model":"claude-sonnet-4-20250514","id":"msg_01H9xKuPTCghfMm9SEZyVagf","type":"message","role":"assistant","content":[{"type":"text","text":"The
        current date is August 24, 2025."}],"stop_reason":"end_turn","stop_sequence":null,"usage":{"input_tokens":460,"cache_creation_input_tokens":0,"cache_read_input_tokens":0,"cache_creation":{"ephemeral_5m_input_tokens":0,"ephemeral_1h_input_tokens":0},"output_tokens":15,"service_tier":"standard"}}'
  recorded_at: Wed, 28 Jan 2026 15:07:18 GMT
recorded_with: VCR 6.3.1
